
Microsoft Visual Studio Solution File, Format Version 12.00
# Visual Studio Version 17
VisualStudioVersion = 17.14.36301.6 d17.14
MinimumVisualStudioVersion = 10.0.40219.1
Project("{FAE04EC0-301F-11D3-BF4B-00C04F79EFBC}") = "TiledRenderTest", "TiledRenderTest.csproj", "{01368B4B-21AF-4FB5-A4B8-115170B2583A}"
EndProject
Global
	GlobalSection(SolutionConfigurationPlatforms) = preSolution
		Debug|Any CPU = Debug|Any CPU
		Release|Any CPU = Release|Any CPU
	EndGlobalSection
	GlobalSection(ProjectConfigurationPlatforms) = postSolution
		{01368B4B-21AF-4FB5-A4B8-115170B2583A}.Debug|Any CPU.ActiveCfg = Debug|Any CPU
		{01368B4B-21AF-4FB5-A4B8-115170B2583A}.Debug|Any CPU.Build.0 = Debug|Any CPU
		{01368B4B-21AF-4FB5-A4B8-115170B2583A}.Release|Any CPU.ActiveCfg = Release|Any CPU
		{01368B4B-21AF-4FB5-A4B8-115170B2583A}.Release|Any CPU.Build.0 = Release|Any CPU
	EndGlobalSection
	GlobalSection(SolutionProperties) = preSolution
		HideSolutionNode = FALSE
	EndGlobalSection
	GlobalSection(ExtensibilityGlobals) = postSolution
		SolutionGuid = {45354835-FB02-4947-9B66-1593D240A151}
	EndGlobalSection
EndGlobal
